// !$*UTF8*$!
{
	archiveVersion = 1;
	classes = {
	};
	objectVersion = 50;
	objects = {

/* Begin PBXBuildFile section */
		CE79A6842406C6D3002D9A22 /* AppDelegate.swift in Sources */ = {isa = PBXBuildFile; fileRef = CE79A6832406C6D3002D9A22 /* AppDelegate.swift */; };
		CE79A6862406C6D3002D9A22 /* SceneDelegate.swift in Sources */ = {isa = PBXBuildFile; fileRef = CE79A6852406C6D3002D9A22 /* SceneDelegate.swift */; };
		CE79A6882406C6D3002D9A22 /* ViewController.swift in Sources */ = {isa = PBXBuildFile; fileRef = CE79A6872406C6D3002D9A22 /* ViewController.swift */; };
		CE79A68B2406C6D3002D9A22 /* Main.storyboard in Resources */ = {isa = PBXBuildFile; fileRef = CE79A6892406C6D3002D9A22 /* Main.storyboard */; };
		CE79A68D2406C6D7002D9A22 /* Assets.xcassets in Resources */ = {isa = PBXBuildFile; fileRef = CE79A68C2406C6D7002D9A22 /* Assets.xcassets */; };
		CE79A6902406C6D7002D9A22 /* LaunchScreen.storyboard in Resources */ = {isa = PBXBuildFile; fileRef = CE79A68E2406C6D7002D9A22 /* LaunchScreen.storyboard */; };
		CE79A6982406C8CE002D9A22 /* TableViewController.swift in Sources */ = {isa = PBXBuildFile; fileRef = CE79A6972406C8CE002D9A22 /* TableViewController.swift */; };
		CE79A69A2406C8F6002D9A22 /* TableViewCell.swift in Sources */ = {isa = PBXBuildFile; fileRef = CE79A6992406C8F6002D9A22 /* TableViewCell.swift */; };
		CEF54F8424096B15004B5BBC /* ViewControllerPasoValor.swift in Sources */ = {isa = PBXBuildFile; fileRef = CEF54F8324096B15004B5BBC /* ViewControllerPasoValor.swift */; };
/* End PBXBuildFile section */

/* Begin PBXFileReference section */
		CE79A6802406C6D3002D9A22 /* CeldaCustomizada.app */ = {isa = PBXFileReference; explicitFileType = wrapper.application; includeInIndex = 0; path = CeldaCustomizada.app; sourceTree = BUILT_PRODUCTS_DIR; };
		CE79A6832406C6D3002D9A22 /* AppDelegate.swift */ = {isa = PBXFileReference; lastKnownFileType = sourcecode.swift; path = AppDelegate.swift; sourceTree = "<group>"; };
		CE79A6852406C6D3002D9A22 /* SceneDelegate.swift */ = {isa = PBXFileReference; lastKnownFileType = sourcecode.swift; path = SceneDelegate.swift; sourceTree = "<group>"; };
		CE79A6872406C6D3002D9A22 /* ViewController.swift */ = {isa = PBXFileReference; lastKnownFileType = sourcecode.swift; path = ViewController.swift; sourceTree = "<group>"; };
		CE79A68A2406C6D3002D9A22 /* Base */ = {isa = PBXFileReference; lastKnownFileType = file.storyboard; name = Base; path = Base.lproj/Main.storyboard; sourceTree = "<group>"; };
		CE79A68C2406C6D7002D9A22 /* Assets.xcassets */ = {isa = PBXFileReference; lastKnownFileType = folder.assetcatalog; path = Assets.xcassets; sourceTree = "<group>"; };
		CE79A68F2406C6D7002D9A22 /* Base */ = {isa = PBXFileReference; lastKnownFileType = file.storyboard; name = Base; path = Base.lproj/LaunchScreen.storyboard; sourceTree = "<group>"; };
		CE79A6912406C6D7002D9A22 /* Info.plist */ = {isa = PBXFileReference; lastKnownFileType = text.plist.xml; path = Info.plist; sourceTree = "<group>"; };
		CE79A6972406C8CE002D9A22 /* TableViewController.swift */ = {isa = PBXFileReference; lastKnownFileType = sourcecode.swift; path = TableViewController.swift; sourceTree = "<group>"; };
		CE79A6992406C8F6002D9A22 /* TableViewCell.swift */ = {isa = PBXFileReference; lastKnownFileType = sourcecode.swift; path = TableViewCell.swift; sourceTree = "<group>"; };
		CEF54F8324096B15004B5BBC /* ViewControllerPasoValor.swift */ = {isa = PBXFileReference; lastKnownFileType = sourcecode.swift; path = ViewControllerPasoValor.swift; sourceTree = "<group>"; };
/* End PBXFileReference section */

/* Begin PBXFrameworksBuildPhase section */
		CE79A67D2406C6D3002D9A22 /* Frameworks */ = {
			isa = PBXFrameworksBuildPhase;
			buildActionMask = 2147483647;
			files = (
			);
			runOnlyForDeploymentPostprocessing = 0;
		};
/* End PBXFrameworksBuildPhase section */

/* Begin PBXGroup section */
		CE79A6772406C6D3002D9A22 = {
			isa = PBXGroup;
			children = (
				CE79A6822406C6D3002D9A22 /* CeldaCustomizada */,
				CE79A6812406C6D3002D9A22 /* Products */,
			);
			sourceTree = "<group>";
		};
		CE79A6812406C6D3002D9A22 /* Products */ = {
			isa = PBXGroup;
			children = (
				CE79A6802406C6D3002D9A22 /* CeldaCustomizada.app */,
			);
			name = Products;
			sourceTree = "<group>";
		};
		CE79A6822406C6D3002D9A22 /* CeldaCustomizada */ = {
			isa = PBXGroup;
			children = (
				CE79A6832406C6D3002D9A22 /* AppDelegate.swift */,
				CE79A6852406C6D3002D9A22 /* SceneDelegate.swift */,
				CE79A6872406C6D3002D9A22 /* ViewController.swift */,
				CE79A6892406C6D3002D9A22 /* Main.storyboard */,
				CEF54F8324096B15004B5BBC /* ViewControllerPasoValor.swift */,
				CE79A6972406C8CE002D9A22 /* TableViewController.swift */,
				CE79A6992406C8F6002D9A22 /* TableViewCell.swift */,
				CE79A68C2406C6D7002D9A22 /* Assets.xcassets */,
				CE79A68E2406C6D7002D9A22 /* LaunchScreen.storyboard */,
				CE79A6912406C6D7002D9A22 /* Info.plist */,
			);
			path = CeldaCustomizada;
			sourceTree = "<group>";
		};
/* End PBXGroup section */

/* Begin PBXNativeTarget section */
		CE79A67F2406C6D3002D9A22 /* CeldaCustomizada */ = {
			isa = PBXNativeTarget;
			buildConfigurationList = CE79A6942406C6D7002D9A22 /* Build configuration list for PBXNativeTarget "CeldaCustomizada" */;
			buildPhases = (
				CE79A67C2406C6D3002D9A22 /* Sources */,
				CE79A67D2406C6D3002D9A22 /* Frameworks */,
				CE79A67E2406C6D3002D9A22 /* Resources */,
			);
			buildRules = (
			);
			dependencies = (
			);
			name = CeldaCustomizada;
			productName = CeldaCustomizada;
			productReference = CE79A6802406C6D3002D9A22 /* CeldaCustomizada.app */;
			productType = "com.apple.product-type.application";
		};
/* End PBXNativeTarget section */

/* Begin PBXProject section */
		CE79A6782406C6D3002D9A22 /* Project object */ = {
			isa = PBXProject;
			attributes = {
				LastSwiftUpdateCheck = 1130;
				LastUpgradeCheck = 1130;
				ORGANIZATIONNAME = "Gabriel Guevara Gutierrez";
				TargetAttributes = {
					CE79A67F2406C6D3002D9A22 = {
						CreatedOnToolsVersion = 11.3.1;
					};
				};
			};
			buildConfigurationList = CE79A67B2406C6D3002D9A22 /* Build configuration list for PBXProject "CeldaCustomizada" */;
			compatibilityVersion = "Xcode 9.3";
			developmentRegion = en;
			hasScannedForEncodings = 0;
			knownRegions = (
				en,
				Base,
			);
			mainGroup = CE79A6772406C6D3002D9A22;
			productRefGroup = CE79A6812406C6D3002D9A22 /* Products */;
			projectDirPath = "";
			projectRoot = "";
			targets = (
				CE79A67F2406C6D3002D9A22 /* CeldaCustomizada */,
			);
		};
/* End PBXProject section */

/* Begin PBXResourcesBuildPhase section */
		CE79A67E2406C6D3002D9A22 /* Resources */ = {
			isa = PBXResourcesBuildPhase;
			buildActionMask = 2147483647;
			files = (
				CE79A6902406C6D7002D9A22 /* LaunchScreen.storyboard in Resources */,
				CE79A68D2406C6D7002D9A22 /* Assets.xcassets in Resources */,
				CE79A68B2406C6D3002D9A22 /* Main.storyboard in Resources */,
			);
			runOnlyForDeploymentPostprocessing = 0;
		};
/* End PBXResourcesBuildPhase section */

/* Begin PBXSourcesBuildPhase section */
		CE79A67C2406C6D3002D9A22 /* Sources */ = {
			isa = PBXSourcesBuildPhase;
			buildActionMask = 2147483647;
			files = (
				CEF54F8424096B15004B5BBC /* ViewControllerPasoValor.swift in Sources */,
				CE79A69A2406C8F6002D9A22 /* TableViewCell.swift in Sources */,
				CE79A6882406C6D3002D9A22 /* ViewController.swift in Sources */,
				CE79A6842406C6D3002D9A22 /* AppDelegate.swift in Sources */,
				CE79A6862406C6D3002D9A22 /* SceneDelegate.swift in Sources */,
				CE79A6982406C8CE002D9A22 /* TableViewController.swift in Sources */,
			);
			runOnlyForDeploymentPostprocessing = 0;
		};
/* End PBXSourcesBuildPhase section */

/* Begin PBXVariantGroup section */
		CE79A6892406C6D3002D9A22 /* Main.storyboard */ = {
			isa = PBXVariantGroup;
			children = (
				CE79A68A2406C6D3002D9A22 /* Base */,
			);
			name = Main.storyboard;
			sourceTree = "<group>";
		};
		CE79A68E2406C6D7002D9A22 /* LaunchScreen.storyboard */ = {
			isa = PBXVariantGroup;
			children = (
				CE79A68F2406C6D7002D9A22 /* Base */,
			);
			name = LaunchScreen.storyboard;
			sourceTree = "<group>";
		};
/* End PBXVariantGroup section */

/* Begin XCBuildConfiguration section */
		CE79A6922406C6D7002D9A22 /* Debug */ = {
			isa = XCBuildConfiguration;
			buildSettings = {
				ALWAYS_SEARCH_USER_PATHS = NO;
				CLANG_ANALYZER_NONNULL = YES;
				CLANG_ANALYZER_NUMBER_OBJECT_CONVERSION = YES_AGGRESSIVE;
				CLANG_CXX_LANGUAGE_STANDARD = "gnu++14";
				CLANG_CXX_LIBRARY = "libc++";
				CLANG_ENABLE_MODULES = YES;
				CLANG_ENABLE_OBJC_ARC = YES;
				CLANG_ENABLE_OBJC_WEAK = YES;
				CLANG_WARN_BLOCK_CAPTURE_AUTORELEASING = YES;
				CLANG_WARN_BOOL_CONVERSION = YES;
				CLANG_WARN_COMMA = YES;
				CLANG_WARN_CONSTANT_CONVERSION = YES;
				CLANG_WARN_DEPRECATED_OBJC_IMPLEMENTATIONS = YES;
				CLANG_WARN_DIRECT_OBJC_ISA_USAGE = YES_ERROR;
				CLANG_WARN_DOCUMENTATION_COMMENTS = YES;
				CLANG_WARN_EMPTY_BODY = YES;
				CLANG_WARN_ENUM_CONVERSION = YES;
				CLANG_WARN_INFINITE_RECURSION = YES;
				CLANG_WARN_INT_CONVERSION = YES;
				CLANG_WARN_NON_LITERAL_NULL_CONVERSION = YES;
				CLANG_WARN_OBJC_IMPLICIT_RETAIN_SELF = YES;
				CLANG_WARN_OBJC_LITERAL_CONVERSION = YES;
				CLANG_WARN_OBJC_ROOT_CLASS = YES_ERROR;
				CLANG_WARN_RANGE_LOOP_ANALYSIS = YES;
				CLANG_WARN_STRICT_PROTOTYPES = YES;
				CLANG_WARN_SUSPICIOUS_MOVE = YES;
				CLANG_WARN_UNGUARDED_AVAILABILITY = YES_AGGRESSIVE;
				CLANG_WARN_UNREACHABLE_CODE = YES;
				CLANG_WARN__DUPLICATE_METHOD_MATCH = YES;
				COPY_PHASE_STRIP = NO;
				DEBUG_INFORMATION_FORMAT = dwarf;
				ENABLE_STRICT_OBJC_MSGSEND = YES;
				ENABLE_TESTABILITY = YES;
				GCC_C_LANGUAGE_STANDARD = gnu11;
				GCC_DYNAMIC_NO_PIC = NO;
				GCC_NO_COMMON_BLOCKS = YES;
				GCC_OPTIMIZATION_LEVEL = 0;
				GCC_PREPROCESSOR_DEFINITIONS = (
					"DEBUG=1",
					"$(inherited)",
				);
				GCC_WARN_64_TO_32_BIT_CONVERSION = YES;
				GCC_WARN_ABOUT_RETURN_TYPE = YES_ERROR;
				GCC_WARN_UNDECLARED_SELECTOR = YES;
				GCC_WARN_UNINITIALIZED_AUTOS = YES_AGGRESSIVE;
				GCC_WARN_UNUSED_FUNCTION = YES;
				GCC_WARN_UNUSED_VARIABLE = YES;
				IPHONEOS_DEPLOYMENT_TARGET = 13.2;
				MTL_ENABLE_DEBUG_INFO = INCLUDE_SOURCE;
				MTL_FAST_MATH = YES;
				ONLY_ACTIVE_ARCH = YES;
				SDKROOT = iphoneos;
				SWIFT_ACTIVE_COMPILATION_CONDITIONS = DEBUG;
				SWIFT_OPTIMIZATION_LEVEL = "-Onone";
			};
			name = Debug;
		};
		CE79A6932406C6D7002D9A22 /* Release */ = {
			isa = XCBuildConfiguration;
			buildSettings = {
				ALWAYS_SEARCH_USER_PATHS = NO;
				CLANG_ANALYZER_NONNULL = YES;
				CLANG_ANALYZER_NUMBER_OBJECT_CONVERSION = YES_AGGRESSIVE;
				CLANG_CXX_LANGUAGE_STANDARD = "gnu++14";
				CLANG_CXX_LIBRARY = "libc++";
				CLANG_ENABLE_MODULES = YES;
				CLANG_ENABLE_OBJC_ARC = YES;
				CLANG_ENABLE_OBJC_WEAK = YES;
				CLANG_WARN_BLOCK_CAPTURE_AUTORELEASING = YES;
				CLANG_WARN_BOOL_CONVERSION = YES;
				CLANG_WARN_COMMA = YES;
				CLANG_WARN_CONSTANT_CONVERSION = YES;
				CLANG_WARN_DEPRECATED_OBJC_IMPLEMENTATIONS = YES;
				CLANG_WARN_DIRECT_OBJC_ISA_USAGE = YES_ERROR;
				CLANG_WARN_DOCUMENTATION_COMMENTS = YES;
				CLANG_WARN_EMPTY_BODY = YES;
				CLANG_WARN_ENUM_CONVERSION = YES;
				CLANG_WARN_INFINITE_RECURSION = YES;
				CLANG_WARN_INT_CONVERSION = YES;
				CLANG_WARN_NON_LITERAL_NULL_CONVERSION = YES;
				CLANG_WARN_OBJC_IMPLICIT_RETAIN_SELF = YES;
				CLANG_WARN_OBJC_LITERAL_CONVERSION = YES;
				CLANG_WARN_OBJC_ROOT_CLASS = YES_ERROR;
				CLANG_WARN_RANGE_LOOP_ANALYSIS = YES;
				CLANG_WARN_STRICT_PROTOTYPES = YES;
				CLANG_WARN_SUSPICIOUS_MOVE = YES;
				CLANG_WARN_UNGUARDED_AVAILABILITY = YES_AGGRESSIVE;
				CLANG_WARN_UNREACHABLE_CODE = YES;
				CLANG_WARN__DUPLICATE_METHOD_MATCH = YES;
				COPY_PHASE_STRIP = NO;
				DEBUG_INFORMATION_FORMAT = "dwarf-with-dsym";
				ENABLE_NS_ASSERTIONS = NO;
				ENABLE_STRICT_OBJC_MSGSEND = YES;
				GCC_C_LANGUAGE_STANDARD = gnu11;
				GCC_NO_COMMON_BLOCKS = YES;
				GCC_WARN_64_TO_32_BIT_CONVERSION = YES;
				GCC_WARN_ABOUT_RETURN_TYPE = YES_ERROR;
				GCC_WARN_UNDECLARED_SELECTOR = YES;
				GCC_WARN_UNINITIALIZED_AUTOS = YES_AGGRESSIVE;
				GCC_WARN_UNUSED_FUNCTION = YES;
				GCC_WARN_UNUSED_VARIABLE = YES;
				IPHONEOS_DEPLOYMENT_TARGET = 13.2;
				MTL_ENABLE_DEBUG_INFO = NO;
				MTL_FAST_MATH = YES;
				SDKROOT = iphoneos;
				SWIFT_COMPILATION_MODE = wholemodule;
				SWIFT_OPTIMIZATION_LEVEL = "-O";
				VALIDATE_PRODUCT = YES;
			};
			name = Release;
		};
		CE79A6952406C6D7002D9A22 /* Debug */ = {
			isa = XCBuildConfiguration;
			buildSettings = {
				ASSETCATALOG_COMPILER_APPICON_NAME = AppIcon;
				CODE_SIGN_STYLE = Automatic;
				DEVELOPMENT_TEAM = TBUC479BJG;
				INFOPLIST_FILE = CeldaCustomizada/Info.plist;
				LD_RUNPATH_SEARCH_PATHS = (
					"$(inherited)",
					"@executable_path/Frameworks",
				);
				PRODUCT_BUNDLE_IDENTIFIER = enterprise.3g.CeldaCustomizada;
				PRODUCT_NAME = "$(TARGET_NAME)";
				SWIFT_VERSION = 5.0;
				TARGETED_DEVICE_FAMILY = "1,2";
			};
			name = Debug;
		};
		CE79A6962406C6D7002D9A22 /* Release */ = {
			isa = XCBuildConfiguration;
			buildSettings = {
				ASSETCATALOG_COMPILER_APPICON_NAME = AppIcon;
				CODE_SIGN_STYLE = Automatic;
				DEVELOPMENT_TEAM = TBUC479BJG;
				INFOPLIST_FILE = CeldaCustomizada/Info.plist;
				LD_RUNPATH_SEARCH_PATHS = (
					"$(inherited)",
					"@executable_path/Frameworks",
				);
				PRODUCT_BUNDLE_IDENTIFIER = enterprise.3g.CeldaCustomizada;
				PRODUCT_NAME = "$(TARGET_NAME)";
				SWIFT_VERSION = 5.0;
				TARGETED_DEVICE_FAMILY = "1,2";
			};
			name = Release;
		};
/* End XCBuildConfiguration section */

/* Begin XCConfigurationList section */
		CE79A67B2406C6D3002D9A22 /* Build configuration list for PBXProject "CeldaCustomizada" */ = {
			isa = XCConfigurationList;
			buildConfigurations = (
				CE79A6922406C6D7002D9A22 /* Debug */,
				CE79A6932406C6D7002D9A22 /* Release */,
			);
			defaultConfigurationIsVisible = 0;
			defaultConfigurationName = Release;
		};
		CE79A6942406C6D7002D9A22 /* Build configuration list for PBXNativeTarget "CeldaCustomizada" */ = {
			isa = XCConfigurationList;
			buildConfigurations = (
				CE79A6952406C6D7002D9A22 /* Debug */,
				CE79A6962406C6D7002D9A22 /* Release */,
			);
			defaultConfigurationIsVisible = 0;
			defaultConfigurationName = Release;
		};
/* End XCConfigurationList section */
	};
	rootObject = CE79A6782406C6D3002D9A22 /* Project object */;
}
